Microsoft Visual Studio Solution File, Format Version 12.00
# Visual Studio Version 16
VisualStudioVersion = 16.0.30204.135
MinimumVisualStudioVersion = 10.0.40219.1
Project("{9A19103F-16F7-4668-BE54-9A1E7A4F7556}") = "SchoolPractice", "SchoolPractice\SchoolPractice.csproj", "{8E3ED16F-3050-4A00-9770-645E91792B46}"
EndProject
Global
	GlobalSection(SolutionConfigurationPlatforms) = preSolution
		Debug|Any CPU = Debug|Any CPU
		Release|Any CPU = Release|Any CPU
	EndGlobalSection
	GlobalSection(ProjectConfigurationPlatforms) = postSolution
		{8E3ED16F-3050-4A00-9770-645E91792B46}.Debug|Any CPU.ActiveCfg = Debug|Any CPU
		{8E3ED16F-3050-4A00-9770-645E91792B46}.Debug|Any CPU.Build.0 = Debug|Any CPU
		{8E3ED16F-3050-4A00-9770-645E91792B46}.Release|Any CPU.ActiveCfg = Release|Any CPU
		{8E3ED16F-3050-4A00-9770-645E91792B46}.Release|Any CPU.Build.0 = Release|Any CPU
	EndGlobalSection
	GlobalSection(SolutionProperties) = preSolution
		HideSolutionNode = FALSE
	EndGlobalSection
	GlobalSection(ExtensibilityGlobals) = postSolution
		SolutionGuid = {921D16AE-0A52-41DD-8999-A9E6EA0839CA}
	EndGlobalSection
EndGlobal
